
Microsoft Visual Studio Solution File, Format Version 12.00
# Visual Studio Version 16
VisualStudioVersion = 16.0.30011.22
MinimumVisualStudioVersion = 10.0.40219.1
Project("{F2A71F9B-5D33-465A-A702-920D77279786}") = "FSharp.Web", "FSharp.Web\FSharp.Web.fsproj", "{4DBFC0DE-C579-469D-A76D-03FFB0328E11}"
EndProject
Project("{00D1A9C2-B5F0-4AF3-8072-F6C62B433612}") = "FSharp.Database", "FSharp.Database\FSharp.Database.sqlproj", "{F979CE28-9129-4520-81A4-76AC4BF306DF}"
EndProject
Global
	GlobalSection(SolutionConfigurationPlatforms) = preSolution
		Debug|Any CPU = Debug|Any CPU
		Release|Any CPU = Release|Any CPU
	EndGlobalSection
	GlobalSection(ProjectConfigurationPlatforms) = postSolution
		{4DBFC0DE-C579-469D-A76D-03FFB0328E11}.Debug|Any CPU.ActiveCfg = Debug|Any CPU
		{4DBFC0DE-C579-469D-A76D-03FFB0328E11}.Debug|Any CPU.Build.0 = Debug|Any CPU
		{4DBFC0DE-C579-469D-A76D-03FFB0328E11}.Release|Any CPU.ActiveCfg = Release|Any CPU
		{4DBFC0DE-C579-469D-A76D-03FFB0328E11}.Release|Any CPU.Build.0 = Release|Any CPU
		{F979CE28-9129-4520-81A4-76AC4BF306DF}.Debug|Any CPU.ActiveCfg = Debug|Any CPU
		{F979CE28-9129-4520-81A4-76AC4BF306DF}.Debug|Any CPU.Build.0 = Debug|Any CPU
		{F979CE28-9129-4520-81A4-76AC4BF306DF}.Debug|Any CPU.Deploy.0 = Debug|Any CPU
		{F979CE28-9129-4520-81A4-76AC4BF306DF}.Release|Any CPU.ActiveCfg = Release|Any CPU
		{F979CE28-9129-4520-81A4-76AC4BF306DF}.Release|Any CPU.Build.0 = Release|Any CPU
		{F979CE28-9129-4520-81A4-76AC4BF306DF}.Release|Any CPU.Deploy.0 = Release|Any CPU
	EndGlobalSection
	GlobalSection(SolutionProperties) = preSolution
		HideSolutionNode = FALSE
	EndGlobalSection
	GlobalSection(ExtensibilityGlobals) = postSolution
		SolutionGuid = {B981DC9C-2F22-47A8-9814-456EE0E229CB}
	EndGlobalSection
EndGlobal
